{
  "version": 1,
  "tools": [
    {
      "repo": "anthropics/claude-code",
      "tag": "v2.1.198",
      "assets": {
        "darwin-amd64": {
          "name": "claude-darwin-x64.tar.gz",
          "digest": "sha256:d6a1ffe622bc26ee6738e77861f41c0edf0c3c461a29f2957fbe00a9be983923",
          "size": 72127769
        },
        "darwin-arm64": {
          "name": "claude-darwin-arm64.tar.gz",
          "digest": "sha256:a8a6292caa74a2be029fd3a1c71dac2ef66c685db554aaca7ed1c6fb306f08e0",
          "size": 67282337
        },
        "linux-amd64": {
          "name": "claude-linux-x64-musl.tar.gz",
          "digest": "sha256:dc9eac1b568b3c4d24f66a9d637cacc2cc72ba8ca0d3a810b07c1ac020286300",
          "size": 76484938
        },
        "linux-arm64": {
          "name": "claude-linux-arm64-musl.tar.gz",
          "digest": "sha256:abb28dc1e90fe8a6acc2375989e34e554404560d93df48b8b3f4a358b56cda8d",
          "size": 75184631
        }
      }
    },
    {
      "repo": "azu/dockerfile-pin",
      "tag": "v1.3.0",
      "assets": {
        "darwin-amd64": {
          "name": "dockerfile-pin_darwin_amd64.tar.gz",
          "digest": "sha256:cc41fe1de695229d4f52e6049be18a7729b88e18ca302ef650b8952b79dcfd94",
          "size": 3781263
        },
        "darwin-arm64": {
          "name": "dockerfile-pin_darwin_arm64.tar.gz",
          "digest": "sha256:f0d8ad07cfafa2968f794f351ea5c1fd92c4f286def892bee0ef4ff952d3321f",
          "size": 3546589
        },
        "linux-amd64": {
          "name": "dockerfile-pin_linux_amd64.tar.gz",
          "digest": "sha256:28e24d770a318ce095231bf31b794259f8175b681418c8d53821db5a2a587ea3",
          "size": 3721898
        },
        "linux-arm64": {
          "name": "dockerfile-pin_linux_arm64.tar.gz",
          "digest": "sha256:291b2be9d9bbcf7ebdbca4155687e717bed485932a1e10331de1f7c98cb8981d",
          "size": 3416265
        },
        "windows-amd64": {
          "name": "dockerfile-pin_windows_amd64.zip",
          "digest": "sha256:28901033a707d19e2a6df57788c9adc902e1206af9f71dc1721a7178509f6202",
          "size": 3842169
        },
        "windows-arm64": {
          "name": "dockerfile-pin_windows_arm64.zip",
          "digest": "sha256:1216a42c2eac9958038f1dd310e4ffcbd7d9895cebbc50831cb5d898abc86135",
          "size": 3476176
        }
      }
    },
    {
      "repo": "chojs23/ec",
      "tag": "v0.3.3",
      "assets": {
        "darwin-amd64": {
          "name": "ec-darwin-amd64",
          "digest": "sha256:db670b8f0f6e7dc99e6a9e22f9289791dee91d553eea31d796c57fbf9a55e1f7",
          "size": 4105280
        },
        "darwin-arm64": {
          "name": "ec-darwin-arm64",
          "digest": "sha256:fde10a1a9e6af8b923098ac29b29aabc652b98ee66f0e70d1d8621a1385d5faf",
          "size": 4026274
        },
        "linux-amd64": {
          "name": "ec-linux-amd64",
          "digest": "sha256:ef2a1078f7d34363248f0cecb37020cda58f0676d3b6f1e43a456efe601abcfb",
          "size": 4092196
        },
        "linux-arm64": {
          "name": "ec-linux-arm64",
          "digest": "sha256:4e81ca64fea41a31b45ede4d59d85c10c18a3c8d865cfb52a98c018b1e5e64d2",
          "size": 3997880
        },
        "windows-amd64": {
          "name": "ec-windows-amd64.exe",
          "digest": "sha256:49ff02937f9cd7e8f19d23bfa04683e85ed337fe6380681cc1e7701cf3776594",
          "size": 4424704
        },
        "windows-arm64": {
          "name": "ec-windows-arm64.exe",
          "digest": "sha256:5d8fe23b0651d1d275a3af1be771739417b3fd9347e073f4429d0488a3a46bb7",
          "size": 4246016
        }
      }
    },
    {
      "repo": "cli/cli",
      "tag": "v2.95.0",
      "assets": {
        "darwin-amd64": {
          "name": "gh_2.95.0_macOS_amd64.zip",
          "digest": "sha256:985707e9ac60c95ed51cddd808c338b481abe69fffa77e9d6547c3750045f77e",
          "size": 15285963
        },
        "darwin-arm64": {
          "name": "gh_2.95.0_macOS_arm64.zip",
          "digest": "sha256:3677f9c27965825f9c7d50395473c134edaea4b484373ef6b25de653570a0489",
          "size": 13944744
        },
        "linux-386": {
          "name": "gh_2.95.0_linux_386.tar.gz",
          "digest": "sha256:ccdab38f426cca3e3bb3087614ee979e3b7faac00c767f6abe2fb9c6d57066aa",
          "size": 13701638
        },
        "linux-amd64": {
          "name": "gh_2.95.0_linux_amd64.tar.gz",
          "digest": "sha256:25d1e4729e8808c9ed3d613e96ebd3f3e44446f2d368c89d878a71a36ddb3d8c",
          "size": 14642738
        },
        "linux-arm64": {
          "name": "gh_2.95.0_linux_arm64.tar.gz",
          "digest": "sha256:d41e0b3b6218e5741c8bb4db39b16e53a59e0e06299a8489bd38f623ef7ebaae",
          "size": 13315600
        },
        "windows-386": {
          "name": "gh_2.95.0_windows_386.zip",
          "digest": "sha256:6fd704aedfb00eb8f0db49d4f22084ffabe7b8eb1212f5bf52fa2dbd52e7c50c",
          "size": 14125829
        },
        "windows-amd64": {
          "name": "gh_2.95.0_windows_amd64.zip",
          "digest": "sha256:19a7154161ada9cfaa9e57edb752ecc679b75c391a62e4f7b586eea1df30b5bb",
          "size": 14814893
        },
        "windows-arm64": {
          "name": "gh_2.95.0_windows_arm64.zip",
          "digest": "sha256:f7df0bf24275196b0fcbe853946e53ae80121c8a4ce4341bc9de1a35e33b4588",
          "size": 13276462
        }
      }
    },
    {
      "repo": "datadog/pup",
      "tag": "v1.6.1",
      "assets": {
        "darwin-amd64": {
          "name": "pup_1.6.1_Darwin_x86_64.tar.gz",
          "digest": "sha256:0cc1b079a85c480ce5b228102c5eca7b45355b4fbe36cf29f0706f5cbfd13e31",
          "size": 25308030
        },
        "darwin-arm64": {
          "name": "pup_1.6.1_Darwin_arm64.tar.gz",
          "digest": "sha256:53d2f6614cd0425acfcb211eecd78ff243cf9911f15827f65b3e8b77772d1e43",
          "size": 24628050
        },
        "linux-amd64": {
          "name": "pup_1.6.1_Linux_x86_64.tar.gz",
          "digest": "sha256:3d117c8d8a1b89c4925dfc8b05dd3a074411da1cd7c3a96045670fc7aad210a5",
          "size": 27574909
        },
        "linux-arm64": {
          "name": "pup_1.6.1_Linux_arm64.tar.gz",
          "digest": "sha256:cda6cc38cfcb9115fa7c7af19466d761e2b97d4d71f3baf50cb2edc28aeb4f7d",
          "size": 26690258
        },
        "windows-amd64": {
          "name": "pup_1.6.1_Windows_x86_64.zip",
          "digest": "sha256:212b8e13cee95c0b8e6e951afe002c924405570c8483dab5cec15f4263ee5d24",
          "size": 23428860
        }
      }
    },
    {
      "repo": "microsoft/apm",
      "tag": "v0.23.1",
      "assets": {
        "darwin-amd64": {
          "name": "apm-darwin-x86_64.tar.gz",
          "digest": "sha256:90f5f1f987f117e9d020f5682f852f4bf759fe1a31f0313522d52d01fec8bf08",
          "size": 24105479
        },
        "darwin-arm64": {
          "name": "apm-darwin-arm64.tar.gz",
          "digest": "sha256:87e8feb2135cbfb8c537ad01d67f2306f048041ba648b5680f2988744af9b69f",
          "size": 22897010
        },
        "linux-amd64": {
          "name": "apm-linux-x86_64.tar.gz",
          "digest": "sha256:d37330e1d662a46fe5c510350731da9f5716626b7ebf2eab7b7368148e15f17e",
          "size": 13728528
        },
        "linux-arm64": {
          "name": "apm-linux-arm64.tar.gz",
          "digest": "sha256:6b8805bb29ab75ede1ac5f4c395d71998161bfc52c884c4395c2c71e3c625631",
          "size": 13562613
        },
        "windows-amd64": {
          "name": "apm-windows-x86_64.zip",
          "digest": "sha256:18fd8c67ba762318fa7699bda3505e07960284626d2670202b801133c20d2cbc",
          "size": 18780845
        }
      }
    },
    {
      "repo": "openai/codex",
      "tag": "rust-v0.142.5",
      "assets": {
        "darwin-amd64": {
          "name": "codex-x86_64-apple-darwin.tar.gz",
          "digest": "sha256:3969a3332b5fe3f1df6abd23714e6d901160447524eeb78ea12291abc87b3960",
          "size": 102579243
        },
        "darwin-arm64": {
          "name": "codex-aarch64-apple-darwin.tar.gz",
          "digest": "sha256:7156b19962735c9cfb555cdd7babe8c40e7976881f8712b781199219d2e3a707",
          "size": 93817359
        },
        "linux-amd64": {
          "name": "codex-x86_64-unknown-linux-musl.tar.gz",
          "digest": "sha256:cb933ec3cb61bf4b5fc88eecf5e6149829faa6172535b6ef0afb0154beb4aab8",
          "size": 104699388
        },
        "linux-arm64": {
          "name": "codex-aarch64-unknown-linux-musl.tar.gz",
          "digest": "sha256:b18c75c49645918fae23beba0ab41c05f07941601510a2451ba97fe519573c38",
          "size": 96907692
        },
        "windows-amd64": {
          "name": "codex-x86_64-pc-windows-msvc.exe.tar.gz",
          "digest": "sha256:51f976690688a43d3594b905cecfeb899599e363bc23b1672647bfe8d73e3cdf",
          "size": 108716838
        },
        "windows-arm64": {
          "name": "codex-aarch64-pc-windows-msvc.exe.tar.gz",
          "digest": "sha256:36882fffab55fdc3e6bc1af53932eb01423fc0cf7f5bdaca98d6f1c2128a295c",
          "size": 100825320
        }
      }
    },
    {
      "repo": "philschmid/mcp-cli",
      "tag": "v0.3.0",
      "assets": {
        "darwin-amd64": {
          "name": "mcp-cli-darwin-x64",
          "digest": "sha256:f0e890a666268335005bbba199253ff8f6e6afae76d0adf34fbda708b26acc2e",
          "size": 63708160
        },
        "darwin-arm64": {
          "name": "mcp-cli-darwin-arm64",
          "digest": "sha256:be991df0a125e1cf9a022fe6ffce236605522fd1382435ce58ffdf9aba6642f2",
          "size": 57859200
        },
        "linux-amd64": {
          "name": "mcp-cli-linux-x64",
          "digest": "sha256:76772f290edaa856cbec967d12c33cb9bf49cff014f55a30d04245cf8970817c",
          "size": 101135752
        }
      }
    },
    {
      "repo": "suzuki-shunsuke/ghtkn",
      "tag": "v0.3.3",
      "assets": {
        "darwin-amd64": {
          "name": "ghtkn_darwin_amd64.tar.gz",
          "digest": "sha256:0b0783b081e71877ae68ebb8518035aefbfb09325935723db8cac39aefdc6c91",
          "size": 4084420
        },
        "darwin-arm64": {
          "name": "ghtkn_darwin_arm64.tar.gz",
          "digest": "sha256:aabdf1f4db9e0ee23e2a465e1c17f6c56467928e955a03d6cad0ce3f781188da",
          "size": 3773566
        },
        "linux-amd64": {
          "name": "ghtkn_linux_amd64.tar.gz",
          "digest": "sha256:5755a0fcf8903c973349293ad11b24f1229f732587abc929a3aa8965724c0bf3",
          "size": 4139613
        },
        "linux-arm64": {
          "name": "ghtkn_linux_arm64.tar.gz",
          "digest": "sha256:8aa996445f33a92bf6c8b454a5d6cfa19a0b8a744e286e9f5d9ff869fdf55de8",
          "size": 3734468
        },
        "windows-amd64": {
          "name": "ghtkn_windows_amd64.zip",
          "digest": "sha256:8c7c3aaf9c0e25f58e76e54b44591baa28b8e4b5cb511f5617a6f39b736e588c",
          "size": 4077970
        },
        "windows-arm64": {
          "name": "ghtkn_windows_arm64.zip",
          "digest": "sha256:ebdb1cd22c1bbd1364f7d01c17d6e1ad818b3834ef8a906a384a61fdef98edd6",
          "size": 3632221
        }
      }
    }
  ]
}
