{
  "version": 1,
  "tools": [
    {
      "repo": "anthropics/claude-code",
      "tag": "v2.1.221",
      "assets": {
        "darwin-amd64": {
          "name": "claude-darwin-x64.tar.gz",
          "digest": "sha256:63b0bf91fe70cab131d9fbc481967a7d8d0e8cc2d4dea61c8d8586d8ff63bda8",
          "size": 83667389
        },
        "darwin-arm64": {
          "name": "claude-darwin-arm64.tar.gz",
          "digest": "sha256:1a14ae6e0db980b4bf19d8dce58a1a14219597f926df75a3e0da0ba4d7435189",
          "size": 78556831
        },
        "linux-amd64": {
          "name": "claude-linux-x64-musl.tar.gz",
          "digest": "sha256:e5acf0f227ee8d84e6661819b4e511a4fc27d6f2a547ac957bef121ef52ab8b4",
          "size": 87261568
        },
        "linux-arm64": {
          "name": "claude-linux-arm64-musl.tar.gz",
          "digest": "sha256:5887a463a5885b2bc2a2b8b2d178cf2ca30a8d514fa735e59165a30e01f802dc",
          "size": 85995578
        }
      }
    },
    {
      "repo": "azu/dockerfile-pin",
      "tag": "v1.3.0",
      "assets": {
        "darwin-amd64": {
          "name": "dockerfile-pin_darwin_amd64.tar.gz",
          "digest": "sha256:cc41fe1de695229d4f52e6049be18a7729b88e18ca302ef650b8952b79dcfd94",
          "size": 3781263
        },
        "darwin-arm64": {
          "name": "dockerfile-pin_darwin_arm64.tar.gz",
          "digest": "sha256:f0d8ad07cfafa2968f794f351ea5c1fd92c4f286def892bee0ef4ff952d3321f",
          "size": 3546589
        },
        "linux-amd64": {
          "name": "dockerfile-pin_linux_amd64.tar.gz",
          "digest": "sha256:28e24d770a318ce095231bf31b794259f8175b681418c8d53821db5a2a587ea3",
          "size": 3721898
        },
        "linux-arm64": {
          "name": "dockerfile-pin_linux_arm64.tar.gz",
          "digest": "sha256:291b2be9d9bbcf7ebdbca4155687e717bed485932a1e10331de1f7c98cb8981d",
          "size": 3416265
        },
        "windows-amd64": {
          "name": "dockerfile-pin_windows_amd64.zip",
          "digest": "sha256:28901033a707d19e2a6df57788c9adc902e1206af9f71dc1721a7178509f6202",
          "size": 3842169
        },
        "windows-arm64": {
          "name": "dockerfile-pin_windows_arm64.zip",
          "digest": "sha256:1216a42c2eac9958038f1dd310e4ffcbd7d9895cebbc50831cb5d898abc86135",
          "size": 3476176
        }
      }
    },
    {
      "repo": "chojs23/ec",
      "tag": "v0.3.3",
      "assets": {
        "darwin-amd64": {
          "name": "ec-darwin-amd64",
          "digest": "sha256:db670b8f0f6e7dc99e6a9e22f9289791dee91d553eea31d796c57fbf9a55e1f7",
          "size": 4105280
        },
        "darwin-arm64": {
          "name": "ec-darwin-arm64",
          "digest": "sha256:fde10a1a9e6af8b923098ac29b29aabc652b98ee66f0e70d1d8621a1385d5faf",
          "size": 4026274
        },
        "linux-amd64": {
          "name": "ec-linux-amd64",
          "digest": "sha256:ef2a1078f7d34363248f0cecb37020cda58f0676d3b6f1e43a456efe601abcfb",
          "size": 4092196
        },
        "linux-arm64": {
          "name": "ec-linux-arm64",
          "digest": "sha256:4e81ca64fea41a31b45ede4d59d85c10c18a3c8d865cfb52a98c018b1e5e64d2",
          "size": 3997880
        },
        "windows-amd64": {
          "name": "ec-windows-amd64.exe",
          "digest": "sha256:49ff02937f9cd7e8f19d23bfa04683e85ed337fe6380681cc1e7701cf3776594",
          "size": 4424704
        },
        "windows-arm64": {
          "name": "ec-windows-arm64.exe",
          "digest": "sha256:5d8fe23b0651d1d275a3af1be771739417b3fd9347e073f4429d0488a3a46bb7",
          "size": 4246016
        }
      }
    },
    {
      "repo": "cli/cli",
      "tag": "v2.97.0",
      "assets": {
        "darwin-amd64": {
          "name": "gh_2.97.0_macOS_amd64.zip",
          "digest": "sha256:63298c998cc2a924c9e254c6af6a1caad6ece281122687a91f079bc0a462700e",
          "size": 15418698
        },
        "darwin-arm64": {
          "name": "gh_2.97.0_macOS_arm64.zip",
          "digest": "sha256:a58b8fd77b417a38f47a0b54d1370c59b0fcdb324ccc9ca002b0998f7c4c999e",
          "size": 13845290
        },
        "linux-386": {
          "name": "gh_2.97.0_linux_386.tar.gz",
          "digest": "sha256:ba556b1061cfc89fee62d1e59dfacd2ea646d8c3bb41cbef909ec6ed27071512",
          "size": 13818702
        },
        "linux-amd64": {
          "name": "gh_2.97.0_linux_amd64.tar.gz",
          "digest": "sha256:a2c9b8497e1f85b1ad0dfcb78b5a622e098801b8e461e459e88e1ee12f018112",
          "size": 14770812
        },
        "linux-arm64": {
          "name": "gh_2.97.0_linux_arm64.tar.gz",
          "digest": "sha256:73ea440ecad9c9e284429997ee6f93577bc6f7bc6fba357ef62c53ad8fb641a5",
          "size": 13428558
        },
        "windows-386": {
          "name": "gh_2.97.0_windows_386.zip",
          "digest": "sha256:de683ab803043eb614b57cadc202c722b19bcb1bc3de78cc424350278d6b04e0",
          "size": 14242577
        },
        "windows-amd64": {
          "name": "gh_2.97.0_windows_amd64.zip",
          "digest": "sha256:35d7fe05c4dd1411ffda1e73dfc7c6f44b75c936ca51fa6595c657fdc0350cec",
          "size": 14938517
        },
        "windows-arm64": {
          "name": "gh_2.97.0_windows_arm64.zip",
          "digest": "sha256:3e2d4a166da4ee5020c592737b65eec0e724946d5d5b962f5fe59d99116dc4bf",
          "size": 13391688
        }
      }
    },
    {
      "repo": "datadog/pup",
      "tag": "v1.10.3",
      "assets": {
        "darwin-amd64": {
          "name": "pup_1.10.3_Darwin_x86_64.tar.gz",
          "digest": "sha256:921e9dca0cb70e1851033263a647198b33e59b60db0172fea127e855a7fd8965",
          "size": 26205303
        },
        "darwin-arm64": {
          "name": "pup_1.10.3_Darwin_arm64.tar.gz",
          "digest": "sha256:bf700813d3db49eae31cb47b1a760c91a46f041c4947a0152e2bd20300e2b3cc",
          "size": 25549233
        },
        "linux-amd64": {
          "name": "pup_1.10.3_Linux_x86_64.tar.gz",
          "digest": "sha256:55be6afdfe6f93f558ab7bcb25985c74055c9955e9c87b26839d9ed44cff034a",
          "size": 28869515
        },
        "linux-arm64": {
          "name": "pup_1.10.3_Linux_arm64.tar.gz",
          "digest": "sha256:ab053f4b10306ad164e486bd337eee7f8a5ee3b78f5e909e14f734d4fa8f2562",
          "size": 27759659
        },
        "windows-amd64": {
          "name": "pup_1.10.3_Windows_x86_64.zip",
          "digest": "sha256:1c7c9c816ce32041c925e613ea12184766f5ab001f4924a0266696f092671e8a",
          "size": 24402373
        }
      }
    },
    {
      "repo": "microsoft/apm",
      "tag": "v0.27.0",
      "assets": {
        "darwin-amd64": {
          "name": "apm-darwin-x86_64.tar.gz",
          "digest": "sha256:846b30055d96cbc6fa0fcf451f50d13f632b540ffdff344873a025bba607e25a",
          "size": 24614575
        },
        "darwin-arm64": {
          "name": "apm-darwin-arm64.tar.gz",
          "digest": "sha256:4c68e5eaa3cfdb0b25734c316deb532835eaf3c3e2f7379a4c7c06918043a641",
          "size": 23218609
        },
        "linux-amd64": {
          "name": "apm-linux-x86_64.tar.gz",
          "digest": "sha256:be2d8a97ca8816636117ec26da85482d647ae3353213ea022fb1130c2dd3d3b0",
          "size": 14232274
        },
        "linux-arm64": {
          "name": "apm-linux-arm64.tar.gz",
          "digest": "sha256:7df6e64ca9540665367f07af0226077ba92820f6cc759c10a5ca37e038a500e4",
          "size": 14065881
        },
        "windows-amd64": {
          "name": "apm-windows-x86_64.zip",
          "digest": "sha256:1a7703864babee7deaab3d13b4fe50b51ea5c1ae2edb2dae46fbbab5a6cead9d",
          "size": 19287710
        }
      }
    },
    {
      "repo": "openai/codex",
      "tag": "rust-v0.146.0",
      "assets": {
        "darwin-amd64": {
          "name": "codex-x86_64-apple-darwin.tar.gz",
          "digest": "sha256:710d727b0fa2b4ab2189eb1bdc5ab40177c168296af264913eb7ab3ce848d04b",
          "size": 111764146
        },
        "darwin-arm64": {
          "name": "codex-aarch64-apple-darwin.tar.gz",
          "digest": "sha256:2750132d300e64f1dbffb95e3d913fd9c9dc7812bc8e1bce5c61357248b7929e",
          "size": 102598070
        },
        "linux-amd64": {
          "name": "codex-x86_64-unknown-linux-musl.tar.gz",
          "digest": "sha256:5ba3b9405543953081f661d0854d266f76e2abbe51d41349355a36de7673776a",
          "size": 114169492
        },
        "linux-arm64": {
          "name": "codex-aarch64-unknown-linux-musl.tar.gz",
          "digest": "sha256:975bac91562abeedeb8f79636d51a86649b31f34a9de6a3bcb059565b6cf1f87",
          "size": 105630444
        },
        "windows-amd64": {
          "name": "codex-x86_64-pc-windows-msvc.exe.tar.gz",
          "digest": "sha256:6e7c284f682723747372e7bee69d97c08d41cead022b25770a5a3ff86f12528d",
          "size": 119474449
        },
        "windows-arm64": {
          "name": "codex-aarch64-pc-windows-msvc.exe.tar.gz",
          "digest": "sha256:6405e86128b3d8eee92b5e808c9c63d7942230fe6ee3a193c990e657d7b2d3a4",
          "size": 110283050
        }
      }
    },
    {
      "repo": "philschmid/mcp-cli",
      "tag": "v0.3.0",
      "assets": {
        "darwin-amd64": {
          "name": "mcp-cli-darwin-x64",
          "digest": "sha256:f0e890a666268335005bbba199253ff8f6e6afae76d0adf34fbda708b26acc2e",
          "size": 63708160
        },
        "darwin-arm64": {
          "name": "mcp-cli-darwin-arm64",
          "digest": "sha256:be991df0a125e1cf9a022fe6ffce236605522fd1382435ce58ffdf9aba6642f2",
          "size": 57859200
        },
        "linux-amd64": {
          "name": "mcp-cli-linux-x64",
          "digest": "sha256:76772f290edaa856cbec967d12c33cb9bf49cff014f55a30d04245cf8970817c",
          "size": 101135752
        }
      }
    },
    {
      "repo": "suzuki-shunsuke/ghtkn",
      "tag": "v0.3.6",
      "assets": {
        "darwin-amd64": {
          "name": "ghtkn_darwin_amd64.tar.gz",
          "digest": "sha256:57e2f117e42dc95f4ec8895dc7aabf8ac89bb6f80fa8b2327509495482127c3c",
          "size": 4192788
        },
        "darwin-arm64": {
          "name": "ghtkn_darwin_arm64.tar.gz",
          "digest": "sha256:b39767b59d9d12431b7a04e6242f3dfe59693d6953a41b1e8c8c2d710ac640f6",
          "size": 3876365
        },
        "linux-amd64": {
          "name": "ghtkn_linux_amd64.tar.gz",
          "digest": "sha256:8a725f2b446e16001cf2dd30190c98b1ecf84c939e862e1a23d7e6d136b3584a",
          "size": 4244938
        },
        "linux-arm64": {
          "name": "ghtkn_linux_arm64.tar.gz",
          "digest": "sha256:e7682163d4180e15629ac59e387aebdebb24e005dff1671221a37816093c0dc4",
          "size": 3830495
        },
        "windows-amd64": {
          "name": "ghtkn_windows_amd64.zip",
          "digest": "sha256:7405a0eb146b686a7b4868348b0e89aa786d9562710c740092d87799c3549dc5",
          "size": 4236159
        },
        "windows-arm64": {
          "name": "ghtkn_windows_arm64.zip",
          "digest": "sha256:a093aa823e597862b95946d1fab25ec460af736266a5d82ea5f9cb75479f01a9",
          "size": 3772131
        }
      }
    }
  ]
}
