{
  "version": 1,
  "tools": [
    {
      "repo": "anthropics/claude-code",
      "tag": "v2.1.210",
      "assets": {
        "darwin-amd64": {
          "name": "claude-darwin-x64.tar.gz",
          "digest": "sha256:cb720c25d0eb355c333f9d69e37180a18cee1aef5e47a119d5f95853a1104bb0",
          "size": 75856606
        },
        "darwin-arm64": {
          "name": "claude-darwin-arm64.tar.gz",
          "digest": "sha256:0d30caeef4dd693b331da31e0e0250e4ca6c5ec811f58ce961c2441d27efb1a2",
          "size": 70895546
        },
        "linux-amd64": {
          "name": "claude-linux-x64-musl.tar.gz",
          "digest": "sha256:ea4a0a041e36fe1d7b50979dbaaf070ed27be42b011e716b3ed5c52add35e963",
          "size": 80092356
        },
        "linux-arm64": {
          "name": "claude-linux-arm64-musl.tar.gz",
          "digest": "sha256:6cc34e131fc851ccf5ecb9ffbb7efd1ccc68086da27cb4dd98852ce90b688659",
          "size": 78781017
        }
      }
    },
    {
      "repo": "azu/dockerfile-pin",
      "tag": "v1.3.0",
      "assets": {
        "darwin-amd64": {
          "name": "dockerfile-pin_darwin_amd64.tar.gz",
          "digest": "sha256:cc41fe1de695229d4f52e6049be18a7729b88e18ca302ef650b8952b79dcfd94",
          "size": 3781263
        },
        "darwin-arm64": {
          "name": "dockerfile-pin_darwin_arm64.tar.gz",
          "digest": "sha256:f0d8ad07cfafa2968f794f351ea5c1fd92c4f286def892bee0ef4ff952d3321f",
          "size": 3546589
        },
        "linux-amd64": {
          "name": "dockerfile-pin_linux_amd64.tar.gz",
          "digest": "sha256:28e24d770a318ce095231bf31b794259f8175b681418c8d53821db5a2a587ea3",
          "size": 3721898
        },
        "linux-arm64": {
          "name": "dockerfile-pin_linux_arm64.tar.gz",
          "digest": "sha256:291b2be9d9bbcf7ebdbca4155687e717bed485932a1e10331de1f7c98cb8981d",
          "size": 3416265
        },
        "windows-amd64": {
          "name": "dockerfile-pin_windows_amd64.zip",
          "digest": "sha256:28901033a707d19e2a6df57788c9adc902e1206af9f71dc1721a7178509f6202",
          "size": 3842169
        },
        "windows-arm64": {
          "name": "dockerfile-pin_windows_arm64.zip",
          "digest": "sha256:1216a42c2eac9958038f1dd310e4ffcbd7d9895cebbc50831cb5d898abc86135",
          "size": 3476176
        }
      }
    },
    {
      "repo": "chojs23/ec",
      "tag": "v0.3.3",
      "assets": {
        "darwin-amd64": {
          "name": "ec-darwin-amd64",
          "digest": "sha256:db670b8f0f6e7dc99e6a9e22f9289791dee91d553eea31d796c57fbf9a55e1f7",
          "size": 4105280
        },
        "darwin-arm64": {
          "name": "ec-darwin-arm64",
          "digest": "sha256:fde10a1a9e6af8b923098ac29b29aabc652b98ee66f0e70d1d8621a1385d5faf",
          "size": 4026274
        },
        "linux-amd64": {
          "name": "ec-linux-amd64",
          "digest": "sha256:ef2a1078f7d34363248f0cecb37020cda58f0676d3b6f1e43a456efe601abcfb",
          "size": 4092196
        },
        "linux-arm64": {
          "name": "ec-linux-arm64",
          "digest": "sha256:4e81ca64fea41a31b45ede4d59d85c10c18a3c8d865cfb52a98c018b1e5e64d2",
          "size": 3997880
        },
        "windows-amd64": {
          "name": "ec-windows-amd64.exe",
          "digest": "sha256:49ff02937f9cd7e8f19d23bfa04683e85ed337fe6380681cc1e7701cf3776594",
          "size": 4424704
        },
        "windows-arm64": {
          "name": "ec-windows-arm64.exe",
          "digest": "sha256:5d8fe23b0651d1d275a3af1be771739417b3fd9347e073f4429d0488a3a46bb7",
          "size": 4246016
        }
      }
    },
    {
      "repo": "cli/cli",
      "tag": "v2.96.0",
      "assets": {
        "darwin-amd64": {
          "name": "gh_2.96.0_macOS_amd64.zip",
          "digest": "sha256:4bd449df9ad639391bc62b8032546f0fe9edcd8526e06682a4f88abd8c5d163c",
          "size": 15298430
        },
        "darwin-arm64": {
          "name": "gh_2.96.0_macOS_arm64.zip",
          "digest": "sha256:f23a0c37d963aacc3bed703ccbd59b41c5ca22101fab7f00eb2b7cad23aba463",
          "size": 13950131
        },
        "linux-386": {
          "name": "gh_2.96.0_linux_386.tar.gz",
          "digest": "sha256:fda636f771e43d1f19e2d42e3c578cc9d8e453d23093a6a47a7fac88825196ec",
          "size": 13708563
        },
        "linux-amd64": {
          "name": "gh_2.96.0_linux_amd64.tar.gz",
          "digest": "sha256:83d5c2ccad5498f58bf6368acb1ab32588cf43ab3a4b1c301bf36328b1c8bd60",
          "size": 14652560
        },
        "linux-arm64": {
          "name": "gh_2.96.0_linux_arm64.tar.gz",
          "digest": "sha256:06f86ec7103d41993b76cd78072f43595c34aaa56506d971d9860e67140bf909",
          "size": 13321232
        },
        "windows-386": {
          "name": "gh_2.96.0_windows_386.zip",
          "digest": "sha256:575bd472f1811d7d9a7f94f27f11a2decb6ae6711b56fec337675234c336ffe6",
          "size": 14134520
        },
        "windows-amd64": {
          "name": "gh_2.96.0_windows_amd64.zip",
          "digest": "sha256:c2d6acc935cd2f00e2144d7e036d5cd82e6b6bd5594e8c75aa75ef2a4ed6aac3",
          "size": 14821821
        },
        "windows-arm64": {
          "name": "gh_2.96.0_windows_arm64.zip",
          "digest": "sha256:c517e0b32c98a4ba90ac95af8d12cc3ac55781ab4ab72f9a91ce3de0541d2b09",
          "size": 13284047
        }
      }
    },
    {
      "repo": "datadog/pup",
      "tag": "v1.6.3",
      "assets": {
        "darwin-amd64": {
          "name": "pup_1.6.3_Darwin_x86_64.tar.gz",
          "digest": "sha256:e14898e31c81e1c2ed598a78129bf3e59da78dea4217093a1e720c4e6b574f08",
          "size": 25239180
        },
        "darwin-arm64": {
          "name": "pup_1.6.3_Darwin_arm64.tar.gz",
          "digest": "sha256:f1b09d6bbdaff2f6fd28672e1cdd44623ecd16fd29a6e923855eb4ba13656b0f",
          "size": 24627792
        },
        "linux-amd64": {
          "name": "pup_1.6.3_Linux_x86_64.tar.gz",
          "digest": "sha256:92d61ca38faa80699165cb222086c58fc79269e61852f19afe23b86d383006c3",
          "size": 27597309
        },
        "linux-arm64": {
          "name": "pup_1.6.3_Linux_arm64.tar.gz",
          "digest": "sha256:f1da07d493b88333dca7ddd8df27dc85ac1c095f825f52ad8214db45d0e3cd03",
          "size": 26701241
        },
        "windows-amd64": {
          "name": "pup_1.6.3_Windows_x86_64.zip",
          "digest": "sha256:2abe9020bd86316430f64524ee80cb665df3db7f7e87a4034c2aaee0ca4e8dc5",
          "size": 23429877
        }
      }
    },
    {
      "repo": "microsoft/apm",
      "tag": "v0.25.0",
      "assets": {
        "darwin-amd64": {
          "name": "apm-darwin-x86_64.tar.gz",
          "digest": "sha256:8b1c43543113550e49939c7970429e19881d6347c90c44185eb55ea73d0eca73",
          "size": 24336186
        },
        "darwin-arm64": {
          "name": "apm-darwin-arm64.tar.gz",
          "digest": "sha256:8b46963bf881d1369c1ee30f6099fba54d13379a8860ec190cdcaf50cf4586a9",
          "size": 22942831
        },
        "linux-amd64": {
          "name": "apm-linux-x86_64.tar.gz",
          "digest": "sha256:7a4281ef915e9609f8841eced19285bf2dcf702862302171f7e893c30e1b3244",
          "size": 13955247
        },
        "linux-arm64": {
          "name": "apm-linux-arm64.tar.gz",
          "digest": "sha256:962d0d463544bdba42f2c99e8daa12eef2abd15d52e18bfbbad07fb13e573305",
          "size": 13789462
        },
        "windows-amd64": {
          "name": "apm-windows-x86_64.zip",
          "digest": "sha256:1d9b3b44ffe031c331f4dfe33694bbb80d10d16165ca053110b96dbeb7365943",
          "size": 19006446
        }
      }
    },
    {
      "repo": "openai/codex",
      "tag": "rust-v0.144.4",
      "assets": {
        "darwin-amd64": {
          "name": "codex-x86_64-apple-darwin.tar.gz",
          "digest": "sha256:274ea4931246621d477ad61d61ea3303527878e77fa910087df52153f5e6188e",
          "size": 107353260
        },
        "darwin-arm64": {
          "name": "codex-aarch64-apple-darwin.tar.gz",
          "digest": "sha256:77c8969a481302f9db1d9ea2a6c21c083abae3f1a8fc8a7275dc38323699391e",
          "size": 98301318
        },
        "linux-amd64": {
          "name": "codex-x86_64-unknown-linux-musl.tar.gz",
          "digest": "sha256:37c985be9d89e8c4f43b3aa0594c1213eac212d30ae2b95221f08fec807515d1",
          "size": 109377995
        },
        "linux-arm64": {
          "name": "codex-aarch64-unknown-linux-musl.tar.gz",
          "digest": "sha256:4d07243ef4ae6786b8b321d7aea3f9be4e1d2c597ae5407e7c1b9873334082b2",
          "size": 101215473
        },
        "windows-amd64": {
          "name": "codex-x86_64-pc-windows-msvc.exe.tar.gz",
          "digest": "sha256:b309e797d45a931db9bef3e1a50ea3246fc766e9139af4cde1f8dc8b508f3360",
          "size": 114176329
        },
        "windows-arm64": {
          "name": "codex-aarch64-pc-windows-msvc.exe.tar.gz",
          "digest": "sha256:de98eab3d42441805d1cd50232b47f9eee9318a3f37dda55d4509b7f6ec0710b",
          "size": 105507922
        }
      }
    },
    {
      "repo": "philschmid/mcp-cli",
      "tag": "v0.3.0",
      "assets": {
        "darwin-amd64": {
          "name": "mcp-cli-darwin-x64",
          "digest": "sha256:f0e890a666268335005bbba199253ff8f6e6afae76d0adf34fbda708b26acc2e",
          "size": 63708160
        },
        "darwin-arm64": {
          "name": "mcp-cli-darwin-arm64",
          "digest": "sha256:be991df0a125e1cf9a022fe6ffce236605522fd1382435ce58ffdf9aba6642f2",
          "size": 57859200
        },
        "linux-amd64": {
          "name": "mcp-cli-linux-x64",
          "digest": "sha256:76772f290edaa856cbec967d12c33cb9bf49cff014f55a30d04245cf8970817c",
          "size": 101135752
        }
      }
    },
    {
      "repo": "suzuki-shunsuke/ghtkn",
      "tag": "v0.3.3",
      "assets": {
        "darwin-amd64": {
          "name": "ghtkn_darwin_amd64.tar.gz",
          "digest": "sha256:0b0783b081e71877ae68ebb8518035aefbfb09325935723db8cac39aefdc6c91",
          "size": 4084420
        },
        "darwin-arm64": {
          "name": "ghtkn_darwin_arm64.tar.gz",
          "digest": "sha256:aabdf1f4db9e0ee23e2a465e1c17f6c56467928e955a03d6cad0ce3f781188da",
          "size": 3773566
        },
        "linux-amd64": {
          "name": "ghtkn_linux_amd64.tar.gz",
          "digest": "sha256:5755a0fcf8903c973349293ad11b24f1229f732587abc929a3aa8965724c0bf3",
          "size": 4139613
        },
        "linux-arm64": {
          "name": "ghtkn_linux_arm64.tar.gz",
          "digest": "sha256:8aa996445f33a92bf6c8b454a5d6cfa19a0b8a744e286e9f5d9ff869fdf55de8",
          "size": 3734468
        },
        "windows-amd64": {
          "name": "ghtkn_windows_amd64.zip",
          "digest": "sha256:8c7c3aaf9c0e25f58e76e54b44591baa28b8e4b5cb511f5617a6f39b736e588c",
          "size": 4077970
        },
        "windows-arm64": {
          "name": "ghtkn_windows_arm64.zip",
          "digest": "sha256:ebdb1cd22c1bbd1364f7d01c17d6e1ad818b3834ef8a906a384a61fdef98edd6",
          "size": 3632221
        }
      }
    }
  ]
}
